// !$*UTF8*$!
{
	archiveVersion = 1;
	classes = {
	};
	objectVersion = 56;
	objects = {

/* Begin PBXBuildFile section */
		572F4BEE2AB0C2AF00EB41FC /* Observable.swift in Sources */ = {isa = PBXBuildFile; fileRef = 572F4BED2AB0C2AF00EB41FC /* Observable.swift */; };
		572F4BF02AB0C3A000EB41FC /* ViewModel.swift in Sources */ = {isa = PBXBuildFile; fileRef = 572F4BEF2AB0C3A000EB41FC /* ViewModel.swift */; };
		574C15482A667CCA00AFB459 /* AppDelegate.swift in Sources */ = {isa = PBXBuildFile; fileRef = 574C15472A667CCA00AFB459 /* AppDelegate.swift */; };
		574C154A2A667CCA00AFB459 /* SceneDelegate.swift in Sources */ = {isa = PBXBuildFile; fileRef = 574C15492A667CCA00AFB459 /* SceneDelegate.swift */; };
		574C154C2A667CCA00AFB459 /* ViewController.swift in Sources */ = {isa = PBXBuildFile; fileRef = 574C154B2A667CCA00AFB459 /* ViewController.swift */; };
		574C15512A667CCC00AFB459 /* Assets.xcassets in Resources */ = {isa = PBXBuildFile; fileRef = 574C15502A667CCC00AFB459 /* Assets.xcassets */; };
		574C15542A667CCC00AFB459 /* LaunchScreen.storyboard in Resources */ = {isa = PBXBuildFile; fileRef = 574C15522A667CCC00AFB459 /* LaunchScreen.storyboard */; };
		57CC95872A974DE200E88154 /* SnapKit in Frameworks */ = {isa = PBXBuildFile; productRef = 57CC95862A974DE200E88154 /* SnapKit */; };
		57CC95892A97540F00E88154 /* TextFieldStackView.swift in Sources */ = {isa = PBXBuildFile; fileRef = 57CC95882A97540F00E88154 /* TextFieldStackView.swift */; };
		57CC958B2A9756C000E88154 /* GrayWhiteTextField.swift in Sources */ = {isa = PBXBuildFile; fileRef = 57CC958A2A9756C000E88154 /* GrayWhiteTextField.swift */; };
/* End PBXBuildFile section */

/* Begin PBXFileReference section */
		572F4BED2AB0C2AF00EB41FC /* Observable.swift */ = {isa = PBXFileReference; lastKnownFileType = sourcecode.swift; path = Observable.swift; sourceTree = "<group>"; };
		572F4BEF2AB0C3A000EB41FC /* ViewModel.swift */ = {isa = PBXFileReference; lastKnownFileType = sourcecode.swift; path = ViewModel.swift; sourceTree = "<group>"; };
		574C15442A667CCA00AFB459 /* JACKFLIX.app */ = {isa = PBXFileReference; explicitFileType = wrapper.application; includeInIndex = 0; path = JACKFLIX.app; sourceTree = BUILT_PRODUCTS_DIR; };
		574C15472A667CCA00AFB459 /* AppDelegate.swift */ = {isa = PBXFileReference; lastKnownFileType = sourcecode.swift; path = AppDelegate.swift; sourceTree = "<group>"; };
		574C15492A667CCA00AFB459 /* SceneDelegate.swift */ = {isa = PBXFileReference; lastKnownFileType = sourcecode.swift; path = SceneDelegate.swift; sourceTree = "<group>"; };
		574C154B2A667CCA00AFB459 /* ViewController.swift */ = {isa = PBXFileReference; lastKnownFileType = sourcecode.swift; path = ViewController.swift; sourceTree = "<group>"; };
		574C15502A667CCC00AFB459 /* Assets.xcassets */ = {isa = PBXFileReference; lastKnownFileType = folder.assetcatalog; path = Assets.xcassets; sourceTree = "<group>"; };
		574C15532A667CCC00AFB459 /* Base */ = {isa = PBXFileReference; lastKnownFileType = file.storyboard; name = Base; path = Base.lproj/LaunchScreen.storyboard; sourceTree = "<group>"; };
		574C15552A667CCC00AFB459 /* Info.plist */ = {isa = PBXFileReference; lastKnownFileType = text.plist.xml; path = Info.plist; sourceTree = "<group>"; };
		57CC95882A97540F00E88154 /* TextFieldStackView.swift */ = {isa = PBXFileReference; lastKnownFileType = sourcecode.swift; path = TextFieldStackView.swift; sourceTree = "<group>"; };
		57CC958A2A9756C000E88154 /* GrayWhiteTextField.swift */ = {isa = PBXFileReference; lastKnownFileType = sourcecode.swift; path = GrayWhiteTextField.swift; sourceTree = "<group>"; };
/* End PBXFileReference section */

/* Begin PBXFrameworksBuildPhase section */
		574C15412A667CCA00AFB459 /* Frameworks */ = {
			isa = PBXFrameworksBuildPhase;
			buildActionMask = 2147483647;
			files = (
				57CC95872A974DE200E88154 /* SnapKit in Frameworks */,
			);
			runOnlyForDeploymentPostprocessing = 0;
		};
/* End PBXFrameworksBuildPhase section */

/* Begin PBXGroup section */
		572F4BEB2AB0C24C00EB41FC /* View */ = {
			isa = PBXGroup;
			children = (
				57CC95882A97540F00E88154 /* TextFieldStackView.swift */,
				57CC958A2A9756C000E88154 /* GrayWhiteTextField.swift */,
			);
			path = View;
			sourceTree = "<group>";
		};
		572F4BEC2AB0C25300EB41FC /* Scene */ = {
			isa = PBXGroup;
			children = (
				574C154B2A667CCA00AFB459 /* ViewController.swift */,
				572F4BEF2AB0C3A000EB41FC /* ViewModel.swift */,
			);
			path = Scene;
			sourceTree = "<group>";
		};
		574C153B2A667CCA00AFB459 = {
			isa = PBXGroup;
			children = (
				574C15462A667CCA00AFB459 /* JACKFLIX */,
				574C15452A667CCA00AFB459 /* Products */,
			);
			sourceTree = "<group>";
		};
		574C15452A667CCA00AFB459 /* Products */ = {
			isa = PBXGroup;
			children = (
				574C15442A667CCA00AFB459 /* JACKFLIX.app */,
			);
			name = Products;
			sourceTree = "<group>";
		};
		574C15462A667CCA00AFB459 /* JACKFLIX */ = {
			isa = PBXGroup;
			children = (
				572F4BEB2AB0C24C00EB41FC /* View */,
				572F4BEC2AB0C25300EB41FC /* Scene */,
				572F4BED2AB0C2AF00EB41FC /* Observable.swift */,
				574C15472A667CCA00AFB459 /* AppDelegate.swift */,
				574C15492A667CCA00AFB459 /* SceneDelegate.swift */,
				574C15502A667CCC00AFB459 /* Assets.xcassets */,
				574C15522A667CCC00AFB459 /* LaunchScreen.storyboard */,
				574C15552A667CCC00AFB459 /* Info.plist */,
			);
			path = JACKFLIX;
			sourceTree = "<group>";
		};
/* End PBXGroup section */

/* Begin PBXNativeTarget section */
		574C15432A667CCA00AFB459 /* JACKFLIX */ = {
			isa = PBXNativeTarget;
			buildConfigurationList = 574C15582A667CCC00AFB459 /* Build configuration list for PBXNativeTarget "JACKFLIX" */;
			buildPhases = (
				574C15402A667CCA00AFB459 /* Sources */,
				574C15412A667CCA00AFB459 /* Frameworks */,
				574C15422A667CCA00AFB459 /* Resources */,
			);
			buildRules = (
			);
			dependencies = (
			);
			name = JACKFLIX;
			packageProductDependencies = (
				57CC95862A974DE200E88154 /* SnapKit */,
			);
			productName = JACKFLIX;
			productReference = 574C15442A667CCA00AFB459 /* JACKFLIX.app */;
			productType = "com.apple.product-type.application";
		};
/* End PBXNativeTarget section */

/* Begin PBXProject section */
		574C153C2A667CCA00AFB459 /* Project object */ = {
			isa = PBXProject;
			attributes = {
				BuildIndependentTargetsInParallel = 1;
				LastSwiftUpdateCheck = 1420;
				LastUpgradeCheck = 1420;
				TargetAttributes = {
					574C15432A667CCA00AFB459 = {
						CreatedOnToolsVersion = 14.2;
					};
				};
			};
			buildConfigurationList = 574C153F2A667CCA00AFB459 /* Build configuration list for PBXProject "JACKFLIX" */;
			compatibilityVersion = "Xcode 14.0";
			developmentRegion = en;
			hasScannedForEncodings = 0;
			knownRegions = (
				en,
				Base,
			);
			mainGroup = 574C153B2A667CCA00AFB459;
			packageReferences = (
				57CC95852A974DE200E88154 /* XCRemoteSwiftPackageReference "SnapKit" */,
			);
			productRefGroup = 574C15452A667CCA00AFB459 /* Products */;
			projectDirPath = "";
			projectRoot = "";
			targets = (
				574C15432A667CCA00AFB459 /* JACKFLIX */,
			);
		};
/* End PBXProject section */

/* Begin PBXResourcesBuildPhase section */
		574C15422A667CCA00AFB459 /* Resources */ = {
			isa = PBXResourcesBuildPhase;
			buildActionMask = 2147483647;
			files = (
				574C15542A667CCC00AFB459 /* LaunchScreen.storyboard in Resources */,
				574C15512A667CCC00AFB459 /* Assets.xcassets in Resources */,
			);
			runOnlyForDeploymentPostprocessing = 0;
		};
/* End PBXResourcesBuildPhase section */

/* Begin PBXSourcesBuildPhase section */
		574C15402A667CCA00AFB459 /* Sources */ = {
			isa = PBXSourcesBuildPhase;
			buildActionMask = 2147483647;
			files = (
				57CC958B2A9756C000E88154 /* GrayWhiteTextField.swift in Sources */,
				574C154C2A667CCA00AFB459 /* ViewController.swift in Sources */,
				57CC95892A97540F00E88154 /* TextFieldStackView.swift in Sources */,
				574C15482A667CCA00AFB459 /* AppDelegate.swift in Sources */,
				572F4BEE2AB0C2AF00EB41FC /* Observable.swift in Sources */,
				574C154A2A667CCA00AFB459 /* SceneDelegate.swift in Sources */,
				572F4BF02AB0C3A000EB41FC /* ViewModel.swift in Sources */,
			);
			runOnlyForDeploymentPostprocessing = 0;
		};
/* End PBXSourcesBuildPhase section */

/* Begin PBXVariantGroup section */
		574C15522A667CCC00AFB459 /* LaunchScreen.storyboard */ = {
			isa = PBXVariantGroup;
			children = (
				574C15532A667CCC00AFB459 /* Base */,
			);
			name = LaunchScreen.storyboard;
			sourceTree = "<group>";
		};
/* End PBXVariantGroup section */

/* Begin XCBuildConfiguration section */
		574C15562A667CCC00AFB459 /* Debug */ = {
			isa = XCBuildConfiguration;
			buildSettings = {
				ALWAYS_SEARCH_USER_PATHS = NO;
				CLANG_ANALYZER_NONNULL = YES;
				CLANG_ANALYZER_NUMBER_OBJECT_CONVERSION = YES_AGGRESSIVE;
				CLANG_CXX_LANGUAGE_STANDARD = "gnu++20";
				CLANG_ENABLE_MODULES = YES;
				CLANG_ENABLE_OBJC_ARC = YES;
				CLANG_ENABLE_OBJC_WEAK = YES;
				CLANG_WARN_BLOCK_CAPTURE_AUTORELEASING = YES;
				CLANG_WARN_BOOL_CONVERSION = YES;
				CLANG_WARN_COMMA = YES;
				CLANG_WARN_CONSTANT_CONVERSION = YES;
				CLANG_WARN_DEPRECATED_OBJC_IMPLEMENTATIONS = YES;
				CLANG_WARN_DIRECT_OBJC_ISA_USAGE = YES_ERROR;
				CLANG_WARN_DOCUMENTATION_COMMENTS = YES;
				CLANG_WARN_EMPTY_BODY = YES;
				CLANG_WARN_ENUM_CONVERSION = YES;
				CLANG_WARN_INFINITE_RECURSION = YES;
				CLANG_WARN_INT_CONVERSION = YES;
				CLANG_WARN_NON_LITERAL_NULL_CONVERSION = YES;
				CLANG_WARN_OBJC_IMPLICIT_RETAIN_SELF = YES;
				CLANG_WARN_OBJC_LITERAL_CONVERSION = YES;
				CLANG_WARN_OBJC_ROOT_CLASS = YES_ERROR;
				CLANG_WARN_QUOTED_INCLUDE_IN_FRAMEWORK_HEADER = YES;
				CLANG_WARN_RANGE_LOOP_ANALYSIS = YES;
				CLANG_WARN_STRICT_PROTOTYPES = YES;
				CLANG_WARN_SUSPICIOUS_MOVE = YES;
				CLANG_WARN_UNGUARDED_AVAILABILITY = YES_AGGRESSIVE;
				CLANG_WARN_UNREACHABLE_CODE = YES;
				CLANG_WARN__DUPLICATE_METHOD_MATCH = YES;
				COPY_PHASE_STRIP = NO;
				DEBUG_INFORMATION_FORMAT = dwarf;
				ENABLE_STRICT_OBJC_MSGSEND = YES;
				ENABLE_TESTABILITY = YES;
				GCC_C_LANGUAGE_STANDARD = gnu11;
				GCC_DYNAMIC_NO_PIC = NO;
				GCC_NO_COMMON_BLOCKS = YES;
				GCC_OPTIMIZATION_LEVEL = 0;
				GCC_PREPROCESSOR_DEFINITIONS = (
					"DEBUG=1",
					"$(inherited)",
				);
				GCC_WARN_64_TO_32_BIT_CONVERSION = YES;
				GCC_WARN_ABOUT_RETURN_TYPE = YES_ERROR;
				GCC_WARN_UNDECLARED_SELECTOR = YES;
				GCC_WARN_UNINITIALIZED_AUTOS = YES_AGGRESSIVE;
				GCC_WARN_UNUSED_FUNCTION = YES;
				GCC_WARN_UNUSED_VARIABLE = YES;
				IPHONEOS_DEPLOYMENT_TARGET = 16.2;
				MTL_ENABLE_DEBUG_INFO = INCLUDE_SOURCE;
				MTL_FAST_MATH = YES;
				ONLY_ACTIVE_ARCH = YES;
				SDKROOT = iphoneos;
				SWIFT_ACTIVE_COMPILATION_CONDITIONS = DEBUG;
				SWIFT_OPTIMIZATION_LEVEL = "-Onone";
			};
			name = Debug;
		};
		574C15572A667CCC00AFB459 /* Release */ = {
			isa = XCBuildConfiguration;
			buildSettings = {
				ALWAYS_SEARCH_USER_PATHS = NO;
				CLANG_ANALYZER_NONNULL = YES;
				CLANG_ANALYZER_NUMBER_OBJECT_CONVERSION = YES_AGGRESSIVE;
				CLANG_CXX_LANGUAGE_STANDARD = "gnu++20";
				CLANG_ENABLE_MODULES = YES;
				CLANG_ENABLE_OBJC_ARC = YES;
				CLANG_ENABLE_OBJC_WEAK = YES;
				CLANG_WARN_BLOCK_CAPTURE_AUTORELEASING = YES;
				CLANG_WARN_BOOL_CONVERSION = YES;
				CLANG_WARN_COMMA = YES;
				CLANG_WARN_CONSTANT_CONVERSION = YES;
				CLANG_WARN_DEPRECATED_OBJC_IMPLEMENTATIONS = YES;
				CLANG_WARN_DIRECT_OBJC_ISA_USAGE = YES_ERROR;
				CLANG_WARN_DOCUMENTATION_COMMENTS = YES;
				CLANG_WARN_EMPTY_BODY = YES;
				CLANG_WARN_ENUM_CONVERSION = YES;
				CLANG_WARN_INFINITE_RECURSION = YES;
				CLANG_WARN_INT_CONVERSION = YES;
				CLANG_WARN_NON_LITERAL_NULL_CONVERSION = YES;
				CLANG_WARN_OBJC_IMPLICIT_RETAIN_SELF = YES;
				CLANG_WARN_OBJC_LITERAL_CONVERSION = YES;
				CLANG_WARN_OBJC_ROOT_CLASS = YES_ERROR;
				CLANG_WARN_QUOTED_INCLUDE_IN_FRAMEWORK_HEADER = YES;
				CLANG_WARN_RANGE_LOOP_ANALYSIS = YES;
				CLANG_WARN_STRICT_PROTOTYPES = YES;
				CLANG_WARN_SUSPICIOUS_MOVE = YES;
				CLANG_WARN_UNGUARDED_AVAILABILITY = YES_AGGRESSIVE;
				CLANG_WARN_UNREACHABLE_CODE = YES;
				CLANG_WARN__DUPLICATE_METHOD_MATCH = YES;
				COPY_PHASE_STRIP = NO;
				DEBUG_INFORMATION_FORMAT = "dwarf-with-dsym";
				ENABLE_NS_ASSERTIONS = NO;
				ENABLE_STRICT_OBJC_MSGSEND = YES;
				GCC_C_LANGUAGE_STANDARD = gnu11;
				GCC_NO_COMMON_BLOCKS = YES;
				GCC_WARN_64_TO_32_BIT_CONVERSION = YES;
				GCC_WARN_ABOUT_RETURN_TYPE = YES_ERROR;
				GCC_WARN_UNDECLARED_SELECTOR = YES;
				GCC_WARN_UNINITIALIZED_AUTOS = YES_AGGRESSIVE;
				GCC_WARN_UNUSED_FUNCTION = YES;
				GCC_WARN_UNUSED_VARIABLE = YES;
				IPHONEOS_DEPLOYMENT_TARGET = 16.2;
				MTL_ENABLE_DEBUG_INFO = NO;
				MTL_FAST_MATH = YES;
				SDKROOT = iphoneos;
				SWIFT_COMPILATION_MODE = wholemodule;
				SWIFT_OPTIMIZATION_LEVEL = "-O";
				VALIDATE_PRODUCT = YES;
			};
			name = Release;
		};
		574C15592A667CCC00AFB459 /* Debug */ = {
			isa = XCBuildConfiguration;
			buildSettings = {
				ASSETCATALOG_COMPILER_APPICON_NAME = AppIcon;
				ASSETCATALOG_COMPILER_GLOBAL_ACCENT_COLOR_NAME = AccentColor;
				CODE_SIGN_STYLE = Automatic;
				CURRENT_PROJECT_VERSION = 1;
				DEVELOPMENT_TEAM = 86BUJA8T6M;
				GENERATE_INFOPLIST_FILE = YES;
				INFOPLIST_FILE = JACKFLIX/Info.plist;
				INFOPLIST_KEY_UIApplicationSupportsIndirectInputEvents = YES;
				INFOPLIST_KEY_UILaunchStoryboardName = LaunchScreen;
				INFOPLIST_KEY_UISupportedInterfaceOrientations_iPad = "UIInterfaceOrientationPortrait UIInterfaceOrientationPortraitUpsideDown UIInterfaceOrientationLandscapeLeft UIInterfaceOrientationLandscapeRight";
				INFOPLIST_KEY_UISupportedInterfaceOrientations_iPhone = "UIInterfaceOrientationPortrait UIInterfaceOrientationLandscapeLeft UIInterfaceOrientationLandscapeRight";
				LD_RUNPATH_SEARCH_PATHS = (
					"$(inherited)",
					"@executable_path/Frameworks",
				);
				MARKETING_VERSION = 1.0;
				PRODUCT_BUNDLE_IDENTIFIER = com.prodvssw.98.JACKFLIX;
				PRODUCT_NAME = "$(TARGET_NAME)";
				SWIFT_EMIT_LOC_STRINGS = YES;
				SWIFT_VERSION = 5.0;
				TARGETED_DEVICE_FAMILY = "1,2";
			};
			name = Debug;
		};
		574C155A2A667CCC00AFB459 /* Release */ = {
			isa = XCBuildConfiguration;
			buildSettings = {
				ASSETCATALOG_COMPILER_APPICON_NAME = AppIcon;
				ASSETCATALOG_COMPILER_GLOBAL_ACCENT_COLOR_NAME = AccentColor;
				CODE_SIGN_STYLE = Automatic;
				CURRENT_PROJECT_VERSION = 1;
				DEVELOPMENT_TEAM = 86BUJA8T6M;
				GENERATE_INFOPLIST_FILE = YES;
				INFOPLIST_FILE = JACKFLIX/Info.plist;
				INFOPLIST_KEY_UIApplicationSupportsIndirectInputEvents = YES;
				INFOPLIST_KEY_UILaunchStoryboardName = LaunchScreen;
				INFOPLIST_KEY_UISupportedInterfaceOrientations_iPad = "UIInterfaceOrientationPortrait UIInterfaceOrientationPortraitUpsideDown UIInterfaceOrientationLandscapeLeft UIInterfaceOrientationLandscapeRight";
				INFOPLIST_KEY_UISupportedInterfaceOrientations_iPhone = "UIInterfaceOrientationPortrait UIInterfaceOrientationLandscapeLeft UIInterfaceOrientationLandscapeRight";
				LD_RUNPATH_SEARCH_PATHS = (
					"$(inherited)",
					"@executable_path/Frameworks",
				);
				MARKETING_VERSION = 1.0;
				PRODUCT_BUNDLE_IDENTIFIER = com.prodvssw.98.JACKFLIX;
				PRODUCT_NAME = "$(TARGET_NAME)";
				SWIFT_EMIT_LOC_STRINGS = YES;
				SWIFT_VERSION = 5.0;
				TARGETED_DEVICE_FAMILY = "1,2";
			};
			name = Release;
		};
/* End XCBuildConfiguration section */

/* Begin XCConfigurationList section */
		574C153F2A667CCA00AFB459 /* Build configuration list for PBXProject "JACKFLIX" */ = {
			isa = XCConfigurationList;
			buildConfigurations = (
				574C15562A667CCC00AFB459 /* Debug */,
				574C15572A667CCC00AFB459 /* Release */,
			);
			defaultConfigurationIsVisible = 0;
			defaultConfigurationName = Release;
		};
		574C15582A667CCC00AFB459 /* Build configuration list for PBXNativeTarget "JACKFLIX" */ = {
			isa = XCConfigurationList;
			buildConfigurations = (
				574C15592A667CCC00AFB459 /* Debug */,
				574C155A2A667CCC00AFB459 /* Release */,
			);
			defaultConfigurationIsVisible = 0;
			defaultConfigurationName = Release;
		};
/* End XCConfigurationList section */

/* Begin XCRemoteSwiftPackageReference section */
		57CC95852A974DE200E88154 /* XCRemoteSwiftPackageReference "SnapKit" */ = {
			isa = XCRemoteSwiftPackageReference;
			repositoryURL = "https://github.com/SnapKit/SnapKit.git";
			requirement = {
				kind = upToNextMajorVersion;
				minimumVersion = 5.0.0;
			};
		};
/* End XCRemoteSwiftPackageReference section */

/* Begin XCSwiftPackageProductDependency section */
		57CC95862A974DE200E88154 /* SnapKit */ = {
			isa = XCSwiftPackageProductDependency;
			package = 57CC95852A974DE200E88154 /* XCRemoteSwiftPackageReference "SnapKit" */;
			productName = SnapKit;
		};
/* End XCSwiftPackageProductDependency section */
	};
	rootObject = 574C153C2A667CCA00AFB459 /* Project object */;
}
